{
  "version": 4,
  "terraform_version": "1.13.2",
  "serial": 271,
  "lineage": "edd34872-60fb-cc4d-df6b-3cfef2862512",
  "outputs": {
    "ecs_cluster_name": {
      "value": "CS6650L2-cluster",
      "type": "string"
    },
    "ecs_service_name": {
      "value": "CS6650L2",
      "type": "string"
    }
  },
  "resources": [
    {
      "mode": "data",
      "type": "aws_ecr_authorization_token",
      "name": "registry",
      "provider": "provider[\"registry.terraform.io/hashicorp/aws\"]",
      "instances": [
        {
          "index_key": 0,
          "schema_version": 0,
          "attributes": {
            "authorization_token": "QVdTOmV5SndZWGxzYjJGa0lqb2lTRUYzVldWa1YzazRVazFNVTJkb05reFZRemwxTmxwNVpuWnJkVVpqZDA5dmEwaFFWalE1U1ZkaU5VbHllVmtyYm1RMWQxVlZZWHBuVTNGUVVIaGtXRkowUmxZMmIwaDJiMFIxVlhKdE5XNWtRak5DYjJoVk5qaHNkMGRJZEdSb1lqQkpVV2xHWVZKSVJrWnZiMUF3Ulc5RVNYaEdVelZvVGt0WmJtaDZaWE5QU0ZocE0ydHJVRlY0WkhoWFkwVjVkM2d4Vld4NksxQjNlaTh4UlhsTk5FWldUVFptWnk5Wk9IVllVM0JEVVhSNlVsZGxja1pFZEZRMWRqSXhNbmxTU3paUGNISmhkVmRzU1ZrMU9FMVNVMkpNZG5sTWVFWm1UMjU2VFc5R2F6bGFOR1pvZUdsSmVtVnJSbmR2WVZoek0zcGFWVEJ3WTBsRFpHbERWVUpVT1ZwRVpFTkNhVUVyWjFsNVFXRjVkbVlyY1c4ek1FTnVjMDk1TUdsWk9UbE1Ta3N5SzFadmNrY3ZUVlpsV1N0a2JUTnFja3hQUzBoR2IzRmtla1JsZEd4Q01qVk9URWQyY0VnMFNsZHFWVFJQZVVsaVVubElWRXRQT1RGclNHeHJjek5OUlV3MU5sSmlkM2RrYjA4MFJEQkxTa2RaU3pOb1FucEVPVXhtZHpaTE1DdDBabWd4ZW1FNWN6bGhORk5DWmpRMlJXbGpkR0l6TlRkVkwxcG1Xa1Z2TlRCVGVrOUZPRUkwY1dGYVVIWkVWelJhY2xkVWVHTkRhbWhoVTJaT1dEUnBOM2s1VURsbFEzUmxiV1JEUmt0aE1XODJjMUZtVFd0NWEyVnpXblo2TVcxa2FqRkhSWGh5VXpGT1RWa3hRbkJuVnpOdFFtOUtjR2hzV1U1VmRtSnJUM0JTWWtOUVlVdEtLMFpwV1RCTk1EUk9OR296Y0Zwd1YyZDJha3RHYjBVMGFIbFZVRlpFY2xkelJFUkdUekZIYldSRlFrTjBXRkZOVFc5S1VFVktLekZPUzBwVVdrVm5WbGxoWjBOMlZIRndkRTFLTW14SWIyeHlZWFZJUmpoRGFHVmthMnBhTWpseVZYSXhOVXhWZW5kcFpVWTJaR05yVEc1a05VVnJXRzVGZDJOQmVEUjFiRU5HY1ZCYWRqZzJiMnh3Ym05alVrNDRZbVkwZG5odVpIVjZWVTgzY0c1MVVrOWlOMlF3VVc1MU5WRkpaa1F4VGxCTE9YbERZMkpGZVhndlNsSlRibmR6V0hsTldURlZhbWwzZW5rcmMwRjJkWEU1WXpGYWQyMUlUMGs0ZURBNWEwUlFXWE5VUm1WMlJFSlBjMlZWVERrNVRqTjBRbXRNZHpsVlkwVXhOMlZKUkc5RlltSXZTWFpsT1RGMWRIVXZRbk4xYlRoQlNEWnlhVTlpVW1NeWFrMVRZV0ZWUkVwa1JWZGpWRkoyYmxCTVJVZGlXbVZwZW1ZM01qUTFSV3N5Y0M5Tk56RlNaVkZuYld0TlRqUlhZa3h2Y1Rsd2EwTm1ZekIzY0ROU2NtTm1aR0pQUkRkU1dWQmFXazFsUTJZeGMyaGhVMVZuTUcxb00wOXRjMFJuUW0xWmNXcGxUVFZLWTJsRWFHOXJMMk5RY21oclIyOVNVVE5LU25kUVRsQjFhREJZYlV4dFRXcE5jM2hpYTFSbEwyWmxNRmsxWTIxNWVHeFdZWEZWV1hSMmVFWjJRM2hRWjNka2NrTnVVa1pFZVdGdU1HeDJZVzAyV0c5R2FFRlZjMWxWVG1aUVVYaEhTM05JTmtGSVVsUkhiRTlMU1RCWFJrWTBiR0ZUZFRjMGIyZEhVVnBhVlVaNE1tZFBhM05JVjA1UldGZHdWM2RYZG1selN6WkNUM1JOUkRRMlVHVlJSRnB2WVhwcFUyRndaakIwT0dwS2JHZFJTMFJGUjBWMmVuUjZkRkp2VGxZelkycEpZa1JZY0VVMFRYSTBXa2w2TnpaM1dYSXZiR3hYZVU4MFNIb3diMDExTDNSSFp5OUtVMnRuUm5aWWJFRk1kMGMzV2tadGNEZGljM1ZZTDIxb1NETXllVXROYm14RFJEUmljMDlhWlZoRFZWUTFla2QzWldKTVJXOU1Na0pyVFRKS2EweHBRUzlIV1ZsUWN6UndXbTFCU2pac05UaHVhMnBuWW5wNU9DODJjVmxMV2l0YWJ5OXdUekZCTkdaalVqWjNTREJtTUdoNGNYQnpSMk50U21oM1p6RnNOMll2TkZOdVUyMXJiVGhITWxFNGVYUnVlRFJYUlhoV04wWmtjWFI0ZVZWRFEwdDBTRmxRSWl3aVpHRjBZV3RsZVNJNklrRlJSVUpCU0dvMmJHTTBXRWxLZHk4M2JHNHdTR013TUVSTlpXczJSMFY0U0VOaVdUUlNTWEJVVFVOSk5UaEpibFYzUVVGQlNEUjNaa0ZaU2t0dldrbG9kbU5PUVZGalIyOUhPSGRpVVVsQ1FVUkNiMEpuYTNGb2EybEhPWGN3UWtKM1JYZElaMWxLV1VsYVNVRlhWVVJDUVVWMVRVSkZSVVJPZUZCR1FXSkVZVkF5ZVZsU09Ga3JaMGxDUlVsQk4wVkxja28xVVVsb01YcHJXR1I0VW5kNVVsWnVVRVppY2xoRUswWk9iMlZWUTAxdU1reFhRM0ZCVG5WWVpXNU1ZbFpwV0c4clQxSjROa2h0WkdWVGJESkJTVmxqZVhSSVRtaERTMUZqTVVVOUlpd2lkbVZ5YzJsdmJpSTZJaklpTENKMGVYQmxJam9pUkVGVVFWOUxSVmtpTENKbGVIQnBjbUYwYVc5dUlqb3hOelkwTXpRMU56WTBmUT09",
            "expires_at": "2025-11-28T16:02:44Z",
            "id": "us-west-2",
            "password": "eyJwYXlsb2FkIjoiSEF3VWVkV3k4Uk1MU2doNkxVQzl1Nlp5ZnZrdUZjd09va0hQVjQ5SVdiNUlyeVkrbmQ1d1VVYXpnU3FQUHhkWFJ0RlY2b0h2b0R1VXJtNW5kQjNCb2hVNjhsd0dIdGRoYjBJUWlGYVJIRkZvb1AwRW9ESXhGUzVoTktZbmh6ZXNPSFhpM2trUFV4ZHhXY0V5d3gxVWx6K1B3ei8xRXlNNEZWTTZmZy9ZOHVYU3BDUXR6UldlckZEdFQ1djIxMnlSSzZPcHJhdVdsSVk1OE1SU2JMdnlMeEZmT256TW9GazlaNGZoeGlJemVrRndvYVhzM3paVTBwY0lDZGlDVUJUOVpEZENCaUErZ1l5QWF5dmYrcW8zMENuc095MGlZOTlMSksyK1ZvckcvTVZlWStkbTNqckxPS0hGb3FkekRldGxCMjVOTEd2cEg0SldqVTRPeUliUnlIVEtPOTFrSGxrczNNRUw1NlJid3dkb080RDBLSkdZSzNoQnpEOUxmdzZLMCt0ZmgxemE5czlhNFNCZjQ2RWljdGIzNTdVL1pmWkVvNTBTek9FOEI0cWFaUHZEVzRacldUeGNDamhhU2ZOWDRpN3k5UDllQ3RlbWRDRkthMW82c1FmTWt5a2VzWnZ6MW1kajFHRXhyUzFOTVkxQnBnVzNtQm9KcGhsWU5VdmJrT3BSYkNQYUtKK0ZpWTBNMDRONGozcFpwV2d2aktGb0U0aHlVUFZEcldzRERGTzFHbWRFQkN0WFFNTW9KUEVKKzFOS0pUWkVnVllhZ0N2VHFwdE1KMmxIb2xyYXVIRjhDaGVka2paMjlyVXIxNUxVendpZUY2ZGNrTG5kNUVrWG5Fd2NBeDR1bENGcVBadjg2b2xwbm9jUk44YmY0dnhuZHV6VU83cG51Uk9iN2QwUW51NVFJZkQxTlBLOXlDY2JFeXgvSlJTbndzWHlNWTFVaml3enkrc0F2dXE5YzFad21IT0k4eDA5a0RQWXNURmV2REJPc2VVTDk5TjN0QmtMdzlVY0UxN2VJRG9FYmIvSXZlOTF1dHUvQnN1bThBSDZyaU9iUmMyak1TYWFVREpkRVdjVFJ2blBMRUdiWmVpemY3MjQ1RWsycC9NNzFSZVFnbWtNTjRXYkxvcTlwa0NmYzB3cDNScmNmZGJPRDdSWVBaWk1lQ2Yxc2hhU1VnMG1oM09tc0RnQm1ZcWplTTVKY2lEaG9rL2NQcmhrR29SUTNKSndQTlB1aDBYbUxtTWpNc3hia1RlL2ZlMFk1Y215eGxWYXFVWXR2eEZ2Q3hQZ3dkckNuUkZEeWFuMGx2YW02WG9GaEFVc1lVTmZQUXhHS3NINkFIUlRHbE9LSTBXRkY0bGFTdTc0b2dHUVpaVUZ4MmdPa3NIV05RWFdwV3dXdmlzSzZCT3RNRDQ2UGVRRFpvYXppU2FwZjB0OGpKbGdRS0RFR0V2enR6dFJvTlYzY2pJYkRYcEU0TXI0Wkl6NzZ3WXIvbGxXeU80SHowb011L3RHZy9KU2tnRnZYbEFMd0c3WkZtcDdic3VYL21oSDMyeUtNbmxDRDRic09aZVhDVVQ1ekd3ZWJMRW9MMkJrTTJKa0xpQS9HWVlQczRwWm1BSjZsNThua2pnYnp5OC82cVlLWitaby9wTzFBNGZjUjZ3SDBmMGh4cXBzR2NtSmh3ZzFsN2YvNFNuU21rbThHMlE4eXRueDRXRXhWN0ZkcXR4eVVDQ0t0SFlQIiwiZGF0YWtleSI6IkFRRUJBSGo2bGM0WElKdy83bG4wSGMwMERNZWs2R0V4SENiWTRSSXBUTUNJNThJblV3QUFBSDR3ZkFZSktvWklodmNOQVFjR29HOHdiUUlCQURCb0Jna3Foa2lHOXcwQkJ3RXdIZ1lKWUlaSUFXVURCQUV1TUJFRUROeFBGQWJEYVAyeVlSOFkrZ0lCRUlBN0VLcko1UUloMXprWGR4Und5UlZuUEZiclhEK0ZOb2VVQ01uMkxXQ3FBTnVYZW5MYlZpWG8rT1J4NkhtZGVTbDJBSVljeXRITmhDS1FjMUU9IiwidmVyc2lvbiI6IjIiLCJ0eXBlIjoiREFUQV9LRVkiLCJleHBpcmF0aW9uIjoxNzY0MzQ1NzY0fQ==",
            "proxy_endpoint": "https://683451002575.dkr.ecr.us-west-2.amazonaws.com",
            "region": "us-west-2",
            "registry_id": null,
            "user_name": "AWS"
          },
          "sensitive_attributes": [
            [
              {
                "type": "get_attr",
                "value": "authorization_token"
              }
            ],
            [
              {
                "type": "get_attr",
                "value": "password"
              }
            ]
          ],
          "identity_schema_version": 0
        }
      ]
    },
    {
      "mode": "data",
      "type": "aws_iam_role",
      "name": "lab_role",
      "provider": "provider[\"registry.terraform.io/hashicorp/aws\"]",
      "instances": [
        {
          "index_key": 0,
          "schema_version": 0,
          "attributes": {
            "arn": "arn:aws:iam::683451002575:role/LabRole",
            "assume_role_policy": "{\"Version\":\"2012-10-17\",\"Statement\":[{\"Effect\":\"Allow\",\"Principal\":{\"AWS\":\"arn:aws:iam::683451002575:role/LabRole\",\"Service\":[\"rekognition.amazonaws.com\",\"application-autoscaling.amazonaws.com\",\"lambda.amazonaws.com\",\"codecommit.amazonaws.com\",\"elasticfilesystem.amazonaws.com\",\"iotanalytics.amazonaws.com\",\"ecs-tasks.amazonaws.com\",\"sns.amazonaws.com\",\"iotevents.amazonaws.com\",\"databrew.amazonaws.com\",\"elasticloadbalancing.amazonaws.com\",\"forecast.amazonaws.com\",\"pipes.amazonaws.com\",\"cloud9.amazonaws.com\",\"eks.amazonaws.com\",\"credentials.iot.amazonaws.com\",\"sqs.amazonaws.com\",\"servicecatalog.amazonaws.com\",\"backup.amazonaws.com\",\"apigateway.amazonaws.com\",\"codewhisperer.amazonaws.com\",\"rds.amazonaws.com\",\"iot.amazonaws.com\",\"athena.amazonaws.com\",\"ec2.amazonaws.com\",\"kms.amazonaws.com\",\"elasticbeanstalk.amazonaws.com\",\"ec2.application-autoscaling.amazonaws.com\",\"resource-groups.amazonaws.com\",\"ssm.amazonaws.com\",\"autoscaling.amazonaws.com\",\"sagemaker.amazonaws.com\",\"states.amazonaws.com\",\"secretsmanager.amazonaws.com\",\"redshift.amazonaws.com\",\"scheduler.amazonaws.com\",\"s3.amazonaws.com\",\"batch.amazonaws.com\",\"codedeploy.amazonaws.com\",\"cloudformation.amazonaws.com\",\"ecs.amazonaws.com\",\"kinesis.amazonaws.com\",\"kinesisanalytics.amazonaws.com\",\"firehose.amazonaws.com\",\"logs.amazonaws.com\",\"events.amazonaws.com\",\"deepracer.amazonaws.com\",\"cloudtrail.amazonaws.com\",\"eks-fargate-pods.amazonaws.com\",\"dynamodb.amazonaws.com\",\"cognito-idp.amazonaws.com\",\"glue.amazonaws.com\",\"elasticmapreduce.amazonaws.com\"]},\"Action\":\"sts:AssumeRole\"}]}",
            "create_date": "2025-11-10T13:05:35Z",
            "description": "",
            "id": "LabRole",
            "max_session_duration": 3600,
            "name": "LabRole",
            "path": "/",
            "permissions_boundary": "",
            "role_last_used": [
              {
                "last_used_date": "2025-11-28T00:28:16Z",
                "region": "us-west-2"
              }
            ],
            "tags": {
              "cloudlab": "c185130a4792860l12422542t1w683451002575"
            },
            "unique_id": "AROAZ6IG2V3HRIY6XJCND"
          },
          "sensitive_attributes": [],
          "identity_schema_version": 0
        }
      ]
    },
    {
      "mode": "managed",
      "type": "docker_image",
      "name": "app",
      "provider": "provider[\"registry.terraform.io/kreuzwerker/docker\"]",
      "instances": [
        {
          "schema_version": 0,
          "attributes": {
            "build": [
              {
                "auth_config": [],
                "build_arg": null,
                "build_args": null,
                "build_id": "",
                "cache_from": [],
                "cgroup_parent": "",
                "context": "../src",
                "cpu_period": null,
                "cpu_quota": null,
                "cpu_set_cpus": "",
                "cpu_set_mems": "",
                "cpu_shares": null,
                "dockerfile": "Dockerfile",
                "extra_hosts": [],
                "force_remove": null,
                "isolation": "",
                "label": null,
                "labels": null,
                "memory": null,
                "memory_swap": null,
                "network_mode": "",
                "no_cache": null,
                "path": "",
                "platform": "",
                "pull_parent": null,
                "remote_context": "",
                "remove": true,
                "security_opt": [],
                "session_id": "",
                "shm_size": null,
                "squash": null,
                "suppress_output": null,
                "tag": [],
                "target": "",
                "ulimit": [],
                "version": ""
              }
            ],
            "force_remove": null,
            "id": "sha256:42a09e3282a7206cf5c6c592ade18c0125e6d576d6925311d79960a10732904c683451002575.dkr.ecr.us-west-2.amazonaws.com/ecr_service:latest",
            "image_id": "sha256:42a09e3282a7206cf5c6c592ade18c0125e6d576d6925311d79960a10732904c",
            "keep_locally": null,
            "latest": "sha256:42a09e3282a7206cf5c6c592ade18c0125e6d576d6925311d79960a10732904c",
            "name": "683451002575.dkr.ecr.us-west-2.amazonaws.com/ecr_service:latest",
            "output": null,
            "platform": null,
            "pull_trigger": null,
            "pull_triggers": null,
            "repo_digest": "683451002575.dkr.ecr.us-west-2.amazonaws.com/ecr_service@sha256:42a09e3282a7206cf5c6c592ade18c0125e6d576d6925311d79960a10732904c",
            "triggers": null
          },
          "sensitive_attributes": [],
          "identity_schema_version": 0,
          "private": "bnVsbA==",
          "dependencies": [
            "data.aws_ecr_authorization_token.registry",
            "module.ecr.aws_ecr_repository.this"
          ]
        }
      ]
    },
    {
      "mode": "managed",
      "type": "docker_registry_image",
      "name": "app",
      "provider": "provider[\"registry.terraform.io/kreuzwerker/docker\"]",
      "instances": [
        {
          "schema_version": 0,
          "attributes": {
            "build": [],
            "id": "sha256:42a09e3282a7206cf5c6c592ade18c0125e6d576d6925311d79960a10732904c",
            "insecure_skip_verify": false,
            "keep_remotely": false,
            "name": "683451002575.dkr.ecr.us-west-2.amazonaws.com/ecr_service:latest",
            "sha256_digest": "sha256:42a09e3282a7206cf5c6c592ade18c0125e6d576d6925311d79960a10732904c",
            "triggers": null
          },
          "sensitive_attributes": [],
          "identity_schema_version": 0,
          "private": "bnVsbA==",
          "dependencies": [
            "data.aws_ecr_authorization_token.registry",
            "docker_image.app",
            "module.ecr.aws_ecr_repository.this"
          ]
        }
      ]
    },
    {
      "module": "module.ecr",
      "mode": "managed",
      "type": "aws_ecr_repository",
      "name": "this",
      "provider": "provider[\"registry.terraform.io/hashicorp/aws\"]",
      "instances": [
        {
          "schema_version": 0,
          "attributes": {
            "arn": "arn:aws:ecr:us-west-2:683451002575:repository/ecr_service",
            "encryption_configuration": [
              {
                "encryption_type": "AES256",
                "kms_key": ""
              }
            ],
            "force_delete": null,
            "id": "ecr_service",
            "image_scanning_configuration": [
              {
                "scan_on_push": false
              }
            ],
            "image_tag_mutability": "MUTABLE",
            "name": "ecr_service",
            "region": "us-west-2",
            "registry_id": "683451002575",
            "repository_url": "683451002575.dkr.ecr.us-west-2.amazonaws.com/ecr_service",
            "tags": null,
            "tags_all": {},
            "timeouts": null
          },
          "sensitive_attributes": [],
          "identity_schema_version": 0,
          "private": "eyJlMmJmYjczMC1lY2FhLTExZTYtOGY4OC0zNDM2M2JjN2M0YzAiOnsiZGVsZXRlIjoxMjAwMDAwMDAwMDAwfX0="
        }
      ]
    },
    {
      "module": "module.ecs",
      "mode": "managed",
      "type": "aws_ecs_cluster",
      "name": "this",
      "provider": "provider[\"registry.terraform.io/hashicorp/aws\"]",
      "instances": [
        {
          "schema_version": 0,
          "attributes": {
            "arn": "arn:aws:ecs:us-west-2:683451002575:cluster/CS6650L2-cluster",
            "configuration": [],
            "id": "arn:aws:ecs:us-west-2:683451002575:cluster/CS6650L2-cluster",
            "name": "CS6650L2-cluster",
            "region": "us-west-2",
            "service_connect_defaults": [],
            "setting": [
              {
                "name": "containerInsights",
                "value": "disabled"
              }
            ],
            "tags": null,
            "tags_all": {}
          },
          "sensitive_attributes": [],
          "identity_schema_version": 0,
          "private": "bnVsbA=="
        }
      ]
    },
    {
      "module": "module.ecs",
      "mode": "managed",
      "type": "aws_ecs_service",
      "name": "this",
      "provider": "provider[\"registry.terraform.io/hashicorp/aws\"]",
      "instances": [
        {
          "schema_version": 1,
          "attributes": {
            "alarms": [],
            "arn": "arn:aws:ecs:us-west-2:683451002575:service/CS6650L2-cluster/CS6650L2",
            "availability_zone_rebalancing": "DISABLED",
            "capacity_provider_strategy": [],
            "cluster": "arn:aws:ecs:us-west-2:683451002575:cluster/CS6650L2-cluster",
            "deployment_circuit_breaker": [
              {
                "enable": false,
                "rollback": false
              }
            ],
            "deployment_configuration": [],
            "deployment_controller": [
              {
                "type": "ECS"
              }
            ],
            "deployment_maximum_percent": 200,
            "deployment_minimum_healthy_percent": 100,
            "desired_count": 1,
            "enable_ecs_managed_tags": false,
            "enable_execute_command": false,
            "force_delete": null,
            "force_new_deployment": null,
            "health_check_grace_period_seconds": 0,
            "iam_role": "/aws-service-role/ecs.amazonaws.com/AWSServiceRoleForECS",
            "id": "arn:aws:ecs:us-west-2:683451002575:service/CS6650L2-cluster/CS6650L2",
            "launch_type": "FARGATE",
            "load_balancer": [],
            "name": "CS6650L2",
            "network_configuration": [
              {
                "assign_public_ip": true,
                "security_groups": [
                  "sg-03a4d7af0fb8c4481"
                ],
                "subnets": [
                  "subnet-0060f53b2cc047acc",
                  "subnet-0559fd446e361d763",
                  "subnet-0b52dd5f2697e2c75",
                  "subnet-0f42b5ab930199c29"
                ]
              }
            ],
            "ordered_placement_strategy": [],
            "placement_constraints": [],
            "platform_version": "LATEST",
            "propagate_tags": "NONE",
            "region": "us-west-2",
            "scheduling_strategy": "REPLICA",
            "service_connect_configuration": [],
            "service_registries": [],
            "tags": null,
            "tags_all": {},
            "task_definition": "arn:aws:ecs:us-west-2:683451002575:task-definition/CS6650L2-task:18",
            "timeouts": null,
            "triggers": {},
            "volume_configuration": [],
            "vpc_lattice_configurations": [],
            "wait_for_steady_state": false
          },
          "sensitive_attributes": [],
          "identity_schema_version": 0,
          "private": "eyJlMmJmYjczMC1lY2FhLTExZTYtOGY4OC0zNDM2M2JjN2M0YzAiOnsiY3JlYXRlIjoxMjAwMDAwMDAwMDAwLCJkZWxldGUiOjEyMDAwMDAwMDAwMDAsInVwZGF0ZSI6MTIwMDAwMDAwMDAwMH0sInNjaGVtYV92ZXJzaW9uIjoiMSJ9",
          "dependencies": [
            "aws_iam_role.ecs_task_execution_role",
            "aws_iam_role.ecs_task_role",
            "data.aws_iam_role.lab_role",
            "module.ecr.aws_ecr_repository.this",
            "module.ecs.aws_ecs_cluster.this",
            "module.ecs.aws_ecs_task_definition.this",
            "module.logging.aws_cloudwatch_log_group.this",
            "module.network.aws_security_group.this",
            "module.network.data.aws_subnets.default",
            "module.network.data.aws_vpc.default"
          ]
        }
      ]
    },
    {
      "module": "module.ecs",
      "mode": "managed",
      "type": "aws_ecs_task_definition",
      "name": "this",
      "provider": "provider[\"registry.terraform.io/hashicorp/aws\"]",
      "instances": [
        {
          "schema_version": 1,
          "attributes": {
            "arn": "arn:aws:ecs:us-west-2:683451002575:task-definition/CS6650L2-task:18",
            "arn_without_revision": "arn:aws:ecs:us-west-2:683451002575:task-definition/CS6650L2-task",
            "container_definitions": "[{\"environment\":[],\"essential\":true,\"image\":\"683451002575.dkr.ecr.us-west-2.amazonaws.com/ecr_service:latest\",\"logConfiguration\":{\"logDriver\":\"awslogs\",\"options\":{\"awslogs-group\":\"/ecs/CS6650L2\",\"awslogs-region\":\"us-west-2\",\"awslogs-stream-prefix\":\"ecs\"}},\"mountPoints\":[],\"name\":\"CS6650L2-container\",\"portMappings\":[{\"containerPort\":8080,\"hostPort\":8080,\"protocol\":\"tcp\"}],\"systemControls\":[],\"volumesFrom\":[]}]",
            "cpu": "256",
            "enable_fault_injection": false,
            "ephemeral_storage": [],
            "execution_role_arn": "arn:aws:iam::683451002575:role/LabRole",
            "family": "CS6650L2-task",
            "id": "CS6650L2-task",
            "ipc_mode": "",
            "memory": "512",
            "network_mode": "awsvpc",
            "pid_mode": "",
            "placement_constraints": [],
            "proxy_configuration": [],
            "region": "us-west-2",
            "requires_compatibilities": [
              "FARGATE"
            ],
            "revision": 18,
            "runtime_platform": [
              {
                "cpu_architecture": "ARM64",
                "operating_system_family": "LINUX"
              }
            ],
            "skip_destroy": false,
            "tags": null,
            "tags_all": {},
            "task_role_arn": "arn:aws:iam::683451002575:role/LabRole",
            "track_latest": false,
            "volume": []
          },
          "sensitive_attributes": [],
          "identity_schema_version": 0,
          "private": "eyJzY2hlbWFfdmVyc2lvbiI6IjEifQ==",
          "dependencies": [
            "aws_iam_role.ecs_task_execution_role",
            "aws_iam_role.ecs_task_role",
            "data.aws_iam_role.lab_role",
            "module.ecr.aws_ecr_repository.this",
            "module.logging.aws_cloudwatch_log_group.this"
          ]
        }
      ]
    },
    {
      "module": "module.logging",
      "mode": "managed",
      "type": "aws_cloudwatch_log_group",
      "name": "this",
      "provider": "provider[\"registry.terraform.io/hashicorp/aws\"]",
      "instances": [
        {
          "schema_version": 0,
          "attributes": {
            "arn": "arn:aws:logs:us-west-2:683451002575:log-group:/ecs/CS6650L2",
            "id": "/ecs/CS6650L2",
            "kms_key_id": "",
            "log_group_class": "STANDARD",
            "name": "/ecs/CS6650L2",
            "name_prefix": "",
            "region": "us-west-2",
            "retention_in_days": 7,
            "skip_destroy": false,
            "tags": null,
            "tags_all": {}
          },
          "sensitive_attributes": [],
          "identity_schema_version": 0,
          "private": "bnVsbA=="
        }
      ]
    },
    {
      "module": "module.network",
      "mode": "data",
      "type": "aws_subnets",
      "name": "default",
      "provider": "provider[\"registry.terraform.io/hashicorp/aws\"]",
      "instances": [
        {
          "schema_version": 0,
          "attributes": {
            "filter": [
              {
                "name": "vpc-id",
                "values": [
                  "vpc-0e748d1bcfaba0202"
                ]
              }
            ],
            "id": "us-west-2",
            "ids": [
              "subnet-0559fd446e361d763",
              "subnet-0060f53b2cc047acc",
              "subnet-0f42b5ab930199c29",
              "subnet-0b52dd5f2697e2c75"
            ],
            "region": "us-west-2",
            "tags": null,
            "timeouts": null
          },
          "sensitive_attributes": [],
          "identity_schema_version": 0
        }
      ]
    },
    {
      "module": "module.network",
      "mode": "data",
      "type": "aws_vpc",
      "name": "default",
      "provider": "provider[\"registry.terraform.io/hashicorp/aws\"]",
      "instances": [
        {
          "schema_version": 0,
          "attributes": {
            "arn": "arn:aws:ec2:us-west-2:683451002575:vpc/vpc-0e748d1bcfaba0202",
            "cidr_block": "172.31.0.0/16",
            "cidr_block_associations": [
              {
                "association_id": "vpc-cidr-assoc-0df6899c310b29943",
                "cidr_block": "172.31.0.0/16",
                "state": "associated"
              }
            ],
            "default": true,
            "dhcp_options_id": "dopt-098b6ff2743f56f99",
            "enable_dns_hostnames": true,
            "enable_dns_support": true,
            "enable_network_address_usage_metrics": false,
            "filter": null,
            "id": "vpc-0e748d1bcfaba0202",
            "instance_tenancy": "default",
            "ipv6_association_id": "",
            "ipv6_cidr_block": "",
            "main_route_table_id": "rtb-0f260aa7c8831d0d9",
            "owner_id": "683451002575",
            "region": "us-west-2",
            "state": null,
            "tags": {},
            "timeouts": null
          },
          "sensitive_attributes": [],
          "identity_schema_version": 0
        }
      ]
    },
    {
      "module": "module.network",
      "mode": "managed",
      "type": "aws_security_group",
      "name": "this",
      "provider": "provider[\"registry.terraform.io/hashicorp/aws\"]",
      "instances": [
        {
          "schema_version": 1,
          "attributes": {
            "arn": "arn:aws:ec2:us-west-2:683451002575:security-group/sg-03a4d7af0fb8c4481",
            "description": "Allow inbound on 8080",
            "egress": [
              {
                "cidr_blocks": [
                  "0.0.0.0/0"
                ],
                "description": "Allow all outbound",
                "from_port": 0,
                "ipv6_cidr_blocks": [],
                "prefix_list_ids": [],
                "protocol": "-1",
                "security_groups": [],
                "self": false,
                "to_port": 0
              }
            ],
            "id": "sg-03a4d7af0fb8c4481",
            "ingress": [
              {
                "cidr_blocks": [
                  "0.0.0.0/0"
                ],
                "description": "Allow HTTP traffic",
                "from_port": 8080,
                "ipv6_cidr_blocks": [],
                "prefix_list_ids": [],
                "protocol": "tcp",
                "security_groups": [],
                "self": false,
                "to_port": 8080
              }
            ],
            "name": "CS6650L2-sg",
            "name_prefix": "",
            "owner_id": "683451002575",
            "region": "us-west-2",
            "revoke_rules_on_delete": false,
            "tags": null,
            "tags_all": {},
            "timeouts": null,
            "vpc_id": "vpc-0e748d1bcfaba0202"
          },
          "sensitive_attributes": [],
          "identity_schema_version": 0,
          "private": "eyJlMmJmYjczMC1lY2FhLTExZTYtOGY4OC0zNDM2M2JjN2M0YzAiOnsiY3JlYXRlIjo2MDAwMDAwMDAwMDAsImRlbGV0ZSI6OTAwMDAwMDAwMDAwfSwic2NoZW1hX3ZlcnNpb24iOiIxIn0=",
          "dependencies": [
            "module.network.data.aws_vpc.default"
          ]
        }
      ]
    }
  ],
  "check_results": [
    {
      "object_kind": "var",
      "config_addr": "var.deployment_target",
      "status": "pass",
      "objects": [
        {
          "object_addr": "var.deployment_target",
          "status": "pass"
        }
      ]
    }
  ]
}
